
Microsoft Visual Studio Solution File, Format Version 11.00
# Visual Studio 2010
Project("{FAE04EC0-301F-11D3-BF4B-00C04F79EFBC}") = "Push Game", "Assembly-CSharp.csproj", "{FEAB4286-4439-D1F5-D499-B7C7AA870EA2}"
EndProject
Global
	GlobalSection(SolutionConfigurationPlatforms) = preSolution
		Debug|Any CPU = Debug|Any CPU
		Release|Any CPU = Release|Any CPU
	EndGlobalSection
	GlobalSection(ProjectConfigurationPlatforms) = postSolution
		{FEAB4286-4439-D1F5-D499-B7C7AA870EA2}.Debug|Any CPU.ActiveCfg = Debug|Any CPU
		{FEAB4286-4439-D1F5-D499-B7C7AA870EA2}.Debug|Any CPU.Build.0 = Debug|Any CPU
		{FEAB4286-4439-D1F5-D499-B7C7AA870EA2}.Release|Any CPU.ActiveCfg = Release|Any CPU
		{FEAB4286-4439-D1F5-D499-B7C7AA870EA2}.Release|Any CPU.Build.0 = Release|Any CPU
	EndGlobalSection
	GlobalSection(SolutionProperties) = preSolution
		HideSolutionNode = FALSE
	EndGlobalSection
	GlobalSection(MonoDevelopProperties) = preSolution
		StartupItem = Assembly-CSharp.csproj
	EndGlobalSection
EndGlobal
